// !$*UTF8*$!
{
	archiveVersion = 1;
	classes = {
	};
	objectVersion = 46;
	objects = {

/* Begin PBXBuildFile section */
		29F137591CDD6D6100D0A5B2 /* AppDelegate.swift in Sources */ = {isa = PBXBuildFile; fileRef = 29F137581CDD6D6100D0A5B2 /* AppDelegate.swift */; };
		29F1375B1CDD6D6100D0A5B2 /* ViewController.swift in Sources */ = {isa = PBXBuildFile; fileRef = 29F1375A1CDD6D6100D0A5B2 /* ViewController.swift */; };
		29F1375E1CDD6D6100D0A5B2 /* Main.storyboard in Resources */ = {isa = PBXBuildFile; fileRef = 29F1375C1CDD6D6100D0A5B2 /* Main.storyboard */; };
		29F137601CDD6D6100D0A5B2 /* Assets.xcassets in Resources */ = {isa = PBXBuildFile; fileRef = 29F1375F1CDD6D6100D0A5B2 /* Assets.xcassets */; };
		29F137631CDD6D6100D0A5B2 /* LaunchScreen.storyboard in Resources */ = {isa = PBXBuildFile; fileRef = 29F137611CDD6D6100D0A5B2 /* LaunchScreen.storyboard */; };
		29F1376E1CDD6D6100D0A5B2 /* MemeMeTests.swift in Sources */ = {isa = PBXBuildFile; fileRef = 29F1376D1CDD6D6100D0A5B2 /* MemeMeTests.swift */; };
		29F137791CDD6D6100D0A5B2 /* MemeMeUITests.swift in Sources */ = {isa = PBXBuildFile; fileRef = 29F137781CDD6D6100D0A5B2 /* MemeMeUITests.swift */; };
/* End PBXBuildFile section */

/* Begin PBXContainerItemProxy section */
		29F1376A1CDD6D6100D0A5B2 /* PBXContainerItemProxy */ = {
			isa = PBXContainerItemProxy;
			containerPortal = 29F1374D1CDD6D6100D0A5B2 /* Project object */;
			proxyType = 1;
			remoteGlobalIDString = 29F137541CDD6D6100D0A5B2;
			remoteInfo = MemeMe;
		};
		29F137751CDD6D6100D0A5B2 /* PBXContainerItemProxy */ = {
			isa = PBXContainerItemProxy;
			containerPortal = 29F1374D1CDD6D6100D0A5B2 /* Project object */;
			proxyType = 1;
			remoteGlobalIDString = 29F137541CDD6D6100D0A5B2;
			remoteInfo = MemeMe;
		};
/* End PBXContainerItemProxy section */

/* Begin PBXFileReference section */
		29F137551CDD6D6100D0A5B2 /* MemeMe.app */ = {isa = PBXFileReference; explicitFileType = wrapper.application; includeInIndex = 0; path = MemeMe.app; sourceTree = BUILT_PRODUCTS_DIR; };
		29F137581CDD6D6100D0A5B2 /* AppDelegate.swift */ = {isa = PBXFileReference; lastKnownFileType = sourcecode.swift; path = AppDelegate.swift; sourceTree = "<group>"; };
		29F1375A1CDD6D6100D0A5B2 /* ViewController.swift */ = {isa = PBXFileReference; lastKnownFileType = sourcecode.swift; path = ViewController.swift; sourceTree = "<group>"; };
		29F1375D1CDD6D6100D0A5B2 /* Base */ = {isa = PBXFileReference; lastKnownFileType = file.storyboard; name = Base; path = Base.lproj/Main.storyboard; sourceTree = "<group>"; };
		29F1375F1CDD6D6100D0A5B2 /* Assets.xcassets */ = {isa = PBXFileReference; lastKnownFileType = folder.assetcatalog; path = Assets.xcassets; sourceTree = "<group>"; };
		29F137621CDD6D6100D0A5B2 /* Base */ = {isa = PBXFileReference; lastKnownFileType = file.storyboard; name = Base; path = Base.lproj/LaunchScreen.storyboard; sourceTree = "<group>"; };
		29F137641CDD6D6100D0A5B2 /* Info.plist */ = {isa = PBXFileReference; lastKnownFileType = text.plist.xml; path = Info.plist; sourceTree = "<group>"; };
		29F137691CDD6D6100D0A5B2 /* MemeMeTests.xctest */ = {isa = PBXFileReference; explicitFileType = wrapper.cfbundle; includeInIndex = 0; path = MemeMeTests.xctest; sourceTree = BUILT_PRODUCTS_DIR; };
		29F1376D1CDD6D6100D0A5B2 /* MemeMeTests.swift */ = {isa = PBXFileReference; lastKnownFileType = sourcecode.swift; path = MemeMeTests.swift; sourceTree = "<group>"; };
		29F1376F1CDD6D6100D0A5B2 /* Info.plist */ = {isa = PBXFileReference; lastKnownFileType = text.plist.xml; path = Info.plist; sourceTree = "<group>"; };
		29F137741CDD6D6100D0A5B2 /* MemeMeUITests.xctest */ = {isa = PBXFileReference; explicitFileType = wrapper.cfbundle; includeInIndex = 0; path = MemeMeUITests.xctest; sourceTree = BUILT_PRODUCTS_DIR; };
		29F137781CDD6D6100D0A5B2 /* MemeMeUITests.swift */ = {isa = PBXFileReference; lastKnownFileType = sourcecode.swift; path = MemeMeUITests.swift; sourceTree = "<group>"; };
		29F1377A1CDD6D6100D0A5B2 /* Info.plist */ = {isa = PBXFileReference; lastKnownFileType = text.plist.xml; path = Info.plist; sourceTree = "<group>"; };
/* End PBXFileReference section */

/* Begin PBXFrameworksBuildPhase section */
		29F137521CDD6D6100D0A5B2 /* Frameworks */ = {
			isa = PBXFrameworksBuildPhase;
			buildActionMask = 2147483647;
			files = (
			);
			runOnlyForDeploymentPostprocessing = 0;
		};
		29F137661CDD6D6100D0A5B2 /* Frameworks */ = {
			isa = PBXFrameworksBuildPhase;
			buildActionMask = 2147483647;
			files = (
			);
			runOnlyForDeploymentPostprocessing = 0;
		};
		29F137711CDD6D6100D0A5B2 /* Frameworks */ = {
			isa = PBXFrameworksBuildPhase;
			buildActionMask = 2147483647;
			files = (
			);
			runOnlyForDeploymentPostprocessing = 0;
		};
/* End PBXFrameworksBuildPhase section */

/* Begin PBXGroup section */
		29F1374C1CDD6D6100D0A5B2 = {
			isa = PBXGroup;
			children = (
				29F137571CDD6D6100D0A5B2 /* MemeMe */,
				29F1376C1CDD6D6100D0A5B2 /* MemeMeTests */,
				29F137771CDD6D6100D0A5B2 /* MemeMeUITests */,
				29F137561CDD6D6100D0A5B2 /* Products */,
			);
			sourceTree = "<group>";
		};
		29F137561CDD6D6100D0A5B2 /* Products */ = {
			isa = PBXGroup;
			children = (
				29F137551CDD6D6100D0A5B2 /* MemeMe.app */,
				29F137691CDD6D6100D0A5B2 /* MemeMeTests.xctest */,
				29F137741CDD6D6100D0A5B2 /* MemeMeUITests.xctest */,
			);
			name = Products;
			sourceTree = "<group>";
		};
		29F137571CDD6D6100D0A5B2 /* MemeMe */ = {
			isa = PBXGroup;
			children = (
				29F137581CDD6D6100D0A5B2 /* AppDelegate.swift */,
				29F1375A1CDD6D6100D0A5B2 /* ViewController.swift */,
				29F1375C1CDD6D6100D0A5B2 /* Main.storyboard */,
				29F1375F1CDD6D6100D0A5B2 /* Assets.xcassets */,
				29F137611CDD6D6100D0A5B2 /* LaunchScreen.storyboard */,
				29F137641CDD6D6100D0A5B2 /* Info.plist */,
			);
			path = MemeMe;
			sourceTree = "<group>";
		};
		29F1376C1CDD6D6100D0A5B2 /* MemeMeTests */ = {
			isa = PBXGroup;
			children = (
				29F1376D1CDD6D6100D0A5B2 /* MemeMeTests.swift */,
				29F1376F1CDD6D6100D0A5B2 /* Info.plist */,
			);
			path = MemeMeTests;
			sourceTree = "<group>";
		};
		29F137771CDD6D6100D0A5B2 /* MemeMeUITests */ = {
			isa = PBXGroup;
			children = (
				29F137781CDD6D6100D0A5B2 /* MemeMeUITests.swift */,
				29F1377A1CDD6D6100D0A5B2 /* Info.plist */,
			);
			path = MemeMeUITests;
			sourceTree = "<group>";
		};
/* End PBXGroup section */

/* Begin PBXNativeTarget section */
		29F137541CDD6D6100D0A5B2 /* MemeMe */ = {
			isa = PBXNativeTarget;
			buildConfigurationList = 29F1377D1CDD6D6100D0A5B2 /* Build configuration list for PBXNativeTarget "MemeMe" */;
			buildPhases = (
				29F137511CDD6D6100D0A5B2 /* Sources */,
				29F137521CDD6D6100D0A5B2 /* Frameworks */,
				29F137531CDD6D6100D0A5B2 /* Resources */,
			);
			buildRules = (
			);
			dependencies = (
			);
			name = MemeMe;
			productName = MemeMe;
			productReference = 29F137551CDD6D6100D0A5B2 /* MemeMe.app */;
			productType = "com.apple.product-type.application";
		};
		29F137681CDD6D6100D0A5B2 /* MemeMeTests */ = {
			isa = PBXNativeTarget;
			buildConfigurationList = 29F137801CDD6D6100D0A5B2 /* Build configuration list for PBXNativeTarget "MemeMeTests" */;
			buildPhases = (
				29F137651CDD6D6100D0A5B2 /* Sources */,
				29F137661CDD6D6100D0A5B2 /* Frameworks */,
				29F137671CDD6D6100D0A5B2 /* Resources */,
			);
			buildRules = (
			);
			dependencies = (
				29F1376B1CDD6D6100D0A5B2 /* PBXTargetDependency */,
			);
			name = MemeMeTests;
			productName = MemeMeTests;
			productReference = 29F137691CDD6D6100D0A5B2 /* MemeMeTests.xctest */;
			productType = "com.apple.product-type.bundle.unit-test";
		};
		29F137731CDD6D6100D0A5B2 /* MemeMeUITests */ = {
			isa = PBXNativeTarget;
			buildConfigurationList = 29F137831CDD6D6100D0A5B2 /* Build configuration list for PBXNativeTarget "MemeMeUITests" */;
			buildPhases = (
				29F137701CDD6D6100D0A5B2 /* Sources */,
				29F137711CDD6D6100D0A5B2 /* Frameworks */,
				29F137721CDD6D6100D0A5B2 /* Resources */,
			);
			buildRules = (
			);
			dependencies = (
				29F137761CDD6D6100D0A5B2 /* PBXTargetDependency */,
			);
			name = MemeMeUITests;
			productName = MemeMeUITests;
			productReference = 29F137741CDD6D6100D0A5B2 /* MemeMeUITests.xctest */;
			productType = "com.apple.product-type.bundle.ui-testing";
		};
/* End PBXNativeTarget section */

/* Begin PBXProject section */
		29F1374D1CDD6D6100D0A5B2 /* Project object */ = {
			isa = PBXProject;
			attributes = {
				LastSwiftUpdateCheck = 0720;
				LastUpgradeCheck = 0720;
				ORGANIZATIONNAME = jonbrown;
				TargetAttributes = {
					29F137541CDD6D6100D0A5B2 = {
						CreatedOnToolsVersion = 7.2;
					};
					29F137681CDD6D6100D0A5B2 = {
						CreatedOnToolsVersion = 7.2;
						TestTargetID = 29F137541CDD6D6100D0A5B2;
					};
					29F137731CDD6D6100D0A5B2 = {
						CreatedOnToolsVersion = 7.2;
						TestTargetID = 29F137541CDD6D6100D0A5B2;
					};
				};
			};
			buildConfigurationList = 29F137501CDD6D6100D0A5B2 /* Build configuration list for PBXProject "MemeMe" */;
			compatibilityVersion = "Xcode 3.2";
			developmentRegion = English;
			hasScannedForEncodings = 0;
			knownRegions = (
				en,
				Base,
			);
			mainGroup = 29F1374C1CDD6D6100D0A5B2;
			productRefGroup = 29F137561CDD6D6100D0A5B2 /* Products */;
			projectDirPath = "";
			projectRoot = "";
			targets = (
				29F137541CDD6D6100D0A5B2 /* MemeMe */,
				29F137681CDD6D6100D0A5B2 /* MemeMeTests */,
				29F137731CDD6D6100D0A5B2 /* MemeMeUITests */,
			);
		};
/* End PBXProject section */

/* Begin PBXResourcesBuildPhase section */
		29F137531CDD6D6100D0A5B2 /* Resources */ = {
			isa = PBXResourcesBuildPhase;
			buildActionMask = 2147483647;
			files = (
				29F137631CDD6D6100D0A5B2 /* LaunchScreen.storyboard in Resources */,
				29F137601CDD6D6100D0A5B2 /* Assets.xcassets in Resources */,
				29F1375E1CDD6D6100D0A5B2 /* Main.storyboard in Resources */,
			);
			runOnlyForDeploymentPostprocessing = 0;
		};
		29F137671CDD6D6100D0A5B2 /* Resources */ = {
			isa = PBXResourcesBuildPhase;
			buildActionMask = 2147483647;
			files = (
			);
			runOnlyForDeploymentPostprocessing = 0;
		};
		29F137721CDD6D6100D0A5B2 /* Resources */ = {
			isa = PBXResourcesBuildPhase;
			buildActionMask = 2147483647;
			files = (
			);
			runOnlyForDeploymentPostprocessing = 0;
		};
/* End PBXResourcesBuildPhase section */

/* Begin PBXSourcesBuildPhase section */
		29F137511CDD6D6100D0A5B2 /* Sources */ = {
			isa = PBXSourcesBuildPhase;
			buildActionMask = 2147483647;
			files = (
				29F1375B1CDD6D6100D0A5B2 /* ViewController.swift in Sources */,
				29F137591CDD6D6100D0A5B2 /* AppDelegate.swift in Sources */,
			);
			runOnlyForDeploymentPostprocessing = 0;
		};
		29F137651CDD6D6100D0A5B2 /* Sources */ = {
			isa = PBXSourcesBuildPhase;
			buildActionMask = 2147483647;
			files = (
				29F1376E1CDD6D6100D0A5B2 /* MemeMeTests.swift in Sources */,
			);
			runOnlyForDeploymentPostprocessing = 0;
		};
		29F137701CDD6D6100D0A5B2 /* Sources */ = {
			isa = PBXSourcesBuildPhase;
			buildActionMask = 2147483647;
			files = (
				29F137791CDD6D6100D0A5B2 /* MemeMeUITests.swift in Sources */,
			);
			runOnlyForDeploymentPostprocessing = 0;
		};
/* End PBXSourcesBuildPhase section */

/* Begin PBXTargetDependency section */
		29F1376B1CDD6D6100D0A5B2 /* PBXTargetDependency */ = {
			isa = PBXTargetDependency;
			target = 29F137541CDD6D6100D0A5B2 /* MemeMe */;
			targetProxy = 29F1376A1CDD6D6100D0A5B2 /* PBXContainerItemProxy */;
		};
		29F137761CDD6D6100D0A5B2 /* PBXTargetDependency */ = {
			isa = PBXTargetDependency;
			target = 29F137541CDD6D6100D0A5B2 /* MemeMe */;
			targetProxy = 29F137751CDD6D6100D0A5B2 /* PBXContainerItemProxy */;
		};
/* End PBXTargetDependency section */

/* Begin PBXVariantGroup section */
		29F1375C1CDD6D6100D0A5B2 /* Main.storyboard */ = {
			isa = PBXVariantGroup;
			children = (
				29F1375D1CDD6D6100D0A5B2 /* Base */,
			);
			name = Main.storyboard;
			sourceTree = "<group>";
		};
		29F137611CDD6D6100D0A5B2 /* LaunchScreen.storyboard */ = {
			isa = PBXVariantGroup;
			children = (
				29F137621CDD6D6100D0A5B2 /* Base */,
			);
			name = LaunchScreen.storyboard;
			sourceTree = "<group>";
		};
/* End PBXVariantGroup section */

/* Begin XCBuildConfiguration section */
		29F1377B1CDD6D6100D0A5B2 /* Debug */ = {
			isa = XCBuildConfiguration;
			buildSettings = {
				ALWAYS_SEARCH_USER_PATHS = NO;
				CLANG_CXX_LANGUAGE_STANDARD = "gnu++0x";
				CLANG_CXX_LIBRARY = "libc++";
				CLANG_ENABLE_MODULES = YES;
				CLANG_ENABLE_OBJC_ARC = YES;
				CLANG_WARN_BOOL_CONVERSION = YES;
				CLANG_WARN_CONSTANT_CONVERSION = YES;
				CLANG_WARN_DIRECT_OBJC_ISA_USAGE = YES_ERROR;
				CLANG_WARN_EMPTY_BODY = YES;
				CLANG_WARN_ENUM_CONVERSION = YES;
				CLANG_WARN_INT_CONVERSION = YES;
				CLANG_WARN_OBJC_ROOT_CLASS = YES_ERROR;
				CLANG_WARN_UNREACHABLE_CODE = YES;
				CLANG_WARN__DUPLICATE_METHOD_MATCH = YES;
				"CODE_SIGN_IDENTITY[sdk=iphoneos*]" = "iPhone Developer";
				COPY_PHASE_STRIP = NO;
				DEBUG_INFORMATION_FORMAT = dwarf;
				ENABLE_STRICT_OBJC_MSGSEND = YES;
				ENABLE_TESTABILITY = YES;
				GCC_C_LANGUAGE_STANDARD = gnu99;
				GCC_DYNAMIC_NO_PIC = NO;
				GCC_NO_COMMON_BLOCKS = YES;
				GCC_OPTIMIZATION_LEVEL = 0;
				GCC_PREPROCESSOR_DEFINITIONS = (
					"DEBUG=1",
					"$(inherited)",
				);
				GCC_WARN_64_TO_32_BIT_CONVERSION = YES;
				GCC_WARN_ABOUT_RETURN_TYPE = YES_ERROR;
				GCC_WARN_UNDECLARED_SELECTOR = YES;
				GCC_WARN_UNINITIALIZED_AUTOS = YES_AGGRESSIVE;
				GCC_WARN_UNUSED_FUNCTION = YES;
				GCC_WARN_UNUSED_VARIABLE = YES;
				IPHONEOS_DEPLOYMENT_TARGET = 9.2;
				MTL_ENABLE_DEBUG_INFO = YES;
				ONLY_ACTIVE_ARCH = YES;
				SDKROOT = iphoneos;
				SWIFT_OPTIMIZATION_LEVEL = "-Onone";
				TARGETED_DEVICE_FAMILY = "1,2";
			};
			name = Debug;
		};
		29F1377C1CDD6D6100D0A5B2 /* Release */ = {
			isa = XCBuildConfiguration;
			buildSettings = {
				ALWAYS_SEARCH_USER_PATHS = NO;
				CLANG_CXX_LANGUAGE_STANDARD = "gnu++0x";
				CLANG_CXX_LIBRARY = "libc++";
				CLANG_ENABLE_MODULES = YES;
				CLANG_ENABLE_OBJC_ARC = YES;
				CLANG_WARN_BOOL_CONVERSION = YES;
				CLANG_WARN_CONSTANT_CONVERSION = YES;
				CLANG_WARN_DIRECT_OBJC_ISA_USAGE = YES_ERROR;
				CLANG_WARN_EMPTY_BODY = YES;
				CLANG_WARN_ENUM_CONVERSION = YES;
				CLANG_WARN_INT_CONVERSION = YES;
				CLANG_WARN_OBJC_ROOT_CLASS = YES_ERROR;
				CLANG_WARN_UNREACHABLE_CODE = YES;
				CLANG_WARN__DUPLICATE_METHOD_MATCH = YES;
				"CODE_SIGN_IDENTITY[sdk=iphoneos*]" = "iPhone Developer";
				COPY_PHASE_STRIP = NO;
				DEBUG_INFORMATION_FORMAT = "dwarf-with-dsym";
				ENABLE_NS_ASSERTIONS = NO;
				ENABLE_STRICT_OBJC_MSGSEND = YES;
				GCC_C_LANGUAGE_STANDARD = gnu99;
				GCC_NO_COMMON_BLOCKS = YES;
				GCC_WARN_64_TO_32_BIT_CONVERSION = YES;
				GCC_WARN_ABOUT_RETURN_TYPE = YES_ERROR;
				GCC_WARN_UNDECLARED_SELECTOR = YES;
				GCC_WARN_UNINITIALIZED_AUTOS = YES_AGGRESSIVE;
				GCC_WARN_UNUSED_FUNCTION = YES;
				GCC_WARN_UNUSED_VARIABLE = YES;
				IPHONEOS_DEPLOYMENT_TARGET = 9.2;
				MTL_ENABLE_DEBUG_INFO = NO;
				SDKROOT = iphoneos;
				TARGETED_DEVICE_FAMILY = "1,2";
				VALIDATE_PRODUCT = YES;
			};
			name = Release;
		};
		29F1377E1CDD6D6100D0A5B2 /* Debug */ = {
			isa = XCBuildConfiguration;
			buildSettings = {
				ASSETCATALOG_COMPILER_APPICON_NAME = AppIcon;
				INFOPLIST_FILE = MemeMe/Info.plist;
				LD_RUNPATH_SEARCH_PATHS = "$(inherited) @executable_path/Frameworks";
				PRODUCT_BUNDLE_IDENTIFIER = jonbrown.MemeMe;
				PRODUCT_NAME = "$(TARGET_NAME)";
			};
			name = Debug;
		};
		29F1377F1CDD6D6100D0A5B2 /* Release */ = {
			isa = XCBuildConfiguration;
			buildSettings = {
				ASSETCATALOG_COMPILER_APPICON_NAME = AppIcon;
				INFOPLIST_FILE = MemeMe/Info.plist;
				LD_RUNPATH_SEARCH_PATHS = "$(inherited) @executable_path/Frameworks";
				PRODUCT_BUNDLE_IDENTIFIER = jonbrown.MemeMe;
				PRODUCT_NAME = "$(TARGET_NAME)";
			};
			name = Release;
		};
		29F137811CDD6D6100D0A5B2 /* Debug */ = {
			isa = XCBuildConfiguration;
			buildSettings = {
				BUNDLE_LOADER = "$(TEST_HOST)";
				INFOPLIST_FILE = MemeMeTests/Info.plist;
				LD_RUNPATH_SEARCH_PATHS = "$(inherited) @executable_path/Frameworks @loader_path/Frameworks";
				PRODUCT_BUNDLE_IDENTIFIER = jonbrown.MemeMeTests;
				PRODUCT_NAME = "$(TARGET_NAME)";
				TEST_HOST = "$(BUILT_PRODUCTS_DIR)/MemeMe.app/MemeMe";
			};
			name = Debug;
		};
		29F137821CDD6D6100D0A5B2 /* Release */ = {
			isa = XCBuildConfiguration;
			buildSettings = {
				BUNDLE_LOADER = "$(TEST_HOST)";
				INFOPLIST_FILE = MemeMeTests/Info.plist;
				LD_RUNPATH_SEARCH_PATHS = "$(inherited) @executable_path/Frameworks @loader_path/Frameworks";
				PRODUCT_BUNDLE_IDENTIFIER = jonbrown.MemeMeTests;
				PRODUCT_NAME = "$(TARGET_NAME)";
				TEST_HOST = "$(BUILT_PRODUCTS_DIR)/MemeMe.app/MemeMe";
			};
			name = Release;
		};
		29F137841CDD6D6100D0A5B2 /* Debug */ = {
			isa = XCBuildConfiguration;
			buildSettings = {
				INFOPLIST_FILE = MemeMeUITests/Info.plist;
				LD_RUNPATH_SEARCH_PATHS = "$(inherited) @executable_path/Frameworks @loader_path/Frameworks";
				PRODUCT_BUNDLE_IDENTIFIER = jonbrown.MemeMeUITests;
				PRODUCT_NAME = "$(TARGET_NAME)";
				TEST_TARGET_NAME = MemeMe;
				USES_XCTRUNNER = YES;
			};
			name = Debug;
		};
		29F137851CDD6D6100D0A5B2 /* Release */ = {
			isa = XCBuildConfiguration;
			buildSettings = {
				INFOPLIST_FILE = MemeMeUITests/Info.plist;
				LD_RUNPATH_SEARCH_PATHS = "$(inherited) @executable_path/Frameworks @loader_path/Frameworks";
				PRODUCT_BUNDLE_IDENTIFIER = jonbrown.MemeMeUITests;
				PRODUCT_NAME = "$(TARGET_NAME)";
				TEST_TARGET_NAME = MemeMe;
				USES_XCTRUNNER = YES;
			};
			name = Release;
		};
/* End XCBuildConfiguration section */

/* Begin XCConfigurationList section */
		29F137501CDD6D6100D0A5B2 /* Build configuration list for PBXProject "MemeMe" */ = {
			isa = XCConfigurationList;
			buildConfigurations = (
				29F1377B1CDD6D6100D0A5B2 /* Debug */,
				29F1377C1CDD6D6100D0A5B2 /* Release */,
			);
			defaultConfigurationIsVisible = 0;
			defaultConfigurationName = Release;
		};
		29F1377D1CDD6D6100D0A5B2 /* Build configuration list for PBXNativeTarget "MemeMe" */ = {
			isa = XCConfigurationList;
			buildConfigurations = (
				29F1377E1CDD6D6100D0A5B2 /* Debug */,
				29F1377F1CDD6D6100D0A5B2 /* Release */,
			);
			defaultConfigurationIsVisible = 0;
		};
		29F137801CDD6D6100D0A5B2 /* Build configuration list for PBXNativeTarget "MemeMeTests" */ = {
			isa = XCConfigurationList;
			buildConfigurations = (
				29F137811CDD6D6100D0A5B2 /* Debug */,
				29F137821CDD6D6100D0A5B2 /* Release */,
			);
			defaultConfigurationIsVisible = 0;
		};
		29F137831CDD6D6100D0A5B2 /* Build configuration list for PBXNativeTarget "MemeMeUITests" */ = {
			isa = XCConfigurationList;
			buildConfigurations = (
				29F137841CDD6D6100D0A5B2 /* Debug */,
				29F137851CDD6D6100D0A5B2 /* Release */,
			);
			defaultConfigurationIsVisible = 0;
		};
/* End XCConfigurationList section */
	};
	rootObject = 29F1374D1CDD6D6100D0A5B2 /* Project object */;
}
